# This file is automatically @generated by Cargo.
# It is not intended for manual editing.
[[package]]
name = "bit-set"
version = "0.2.0"
source = "registry+https://github.com/rust-lang/crates.io-index"
dependencies = [
 "bit-vec 0.6.1 (registry+https://github.com/rust-lang/crates.io-index)",
]

[[package]]
name = "bit-vec"
version = "0.6.1"
source = "registry+https://github.com/rust-lang/crates.io-index"

[[package]]
name = "cfg-if"
version = "0.1.9"
source = "registry+https://github.com/rust-lang/crates.io-index"

[[package]]
name = "fuse"
version = "0.4.0-dev"
source = "git+https://github.com/zargony/rust-fuse#54c8405d7b3606082af0e2dfb42f83ee4a50b73a"
dependencies = [
 "fuse-abi 0.4.0-dev (git+https://github.com/zargony/rust-fuse)",
 "fuse-sys 0.4.0-dev (git+https://github.com/zargony/rust-fuse)",
 "libc 0.2.62 (registry+https://github.com/rust-lang/crates.io-index)",
 "log 0.4.8 (registry+https://github.com/rust-lang/crates.io-index)",
 "thread-scoped 1.0.2 (registry+https://github.com/rust-lang/crates.io-index)",
]

[[package]]
name = "fuse-abi"
version = "0.4.0-dev"
source = "git+https://github.com/zargony/rust-fuse#54c8405d7b3606082af0e2dfb42f83ee4a50b73a"

[[package]]
name = "fuse-sys"
version = "0.4.0-dev"
source = "git+https://github.com/zargony/rust-fuse#54c8405d7b3606082af0e2dfb42f83ee4a50b73a"
dependencies = [
 "pkg-config 0.3.15 (registry+https://github.com/rust-lang/crates.io-index)",
]

[[package]]
name = "it9910hd_fusefs"
version = "0.1.0"
dependencies = [
 "fuse 0.4.0-dev (git+https://github.com/zargony/rust-fuse)",
 "libc 0.2.62 (registry+https://github.com/rust-lang/crates.io-index)",
 "libusb 0.3.0 (registry+https://github.com/rust-lang/crates.io-index)",
]

[[package]]
name = "libc"
version = "0.2.62"
source = "registry+https://github.com/rust-lang/crates.io-index"

[[package]]
name = "libusb"
version = "0.3.0"
source = "registry+https://github.com/rust-lang/crates.io-index"
dependencies = [
 "bit-set 0.2.0 (registry+https://github.com/rust-lang/crates.io-index)",
 "libc 0.2.62 (registry+https://github.com/rust-lang/crates.io-index)",
 "libusb-sys 0.2.3 (registry+https://github.com/rust-lang/crates.io-index)",
]

[[package]]
name = "libusb-sys"
version = "0.2.3"
source = "registry+https://github.com/rust-lang/crates.io-index"
dependencies = [
 "libc 0.2.62 (registry+https://github.com/rust-lang/crates.io-index)",
 "pkg-config 0.3.15 (registry+https://github.com/rust-lang/crates.io-index)",
]

[[package]]
name = "log"
version = "0.4.8"
source = "registry+https://github.com/rust-lang/crates.io-index"
dependencies = [
 "cfg-if 0.1.9 (registry+https://github.com/rust-lang/crates.io-index)",
]

[[package]]
name = "pkg-config"
version = "0.3.15"
source = "registry+https://github.com/rust-lang/crates.io-index"

[[package]]
name = "thread-scoped"
version = "1.0.2"
source = "registry+https://github.com/rust-lang/crates.io-index"

[metadata]
"checksum bit-set 0.2.0 (registry+https://github.com/rust-lang/crates.io-index)" = "e6e1e6fb1c9e3d6fcdec57216a74eaa03e41f52a22f13a16438251d8e88b89da"
"checksum bit-vec 0.6.1 (registry+https://github.com/rust-lang/crates.io-index)" = "a4523a10839ffae575fb08aa3423026c8cb4687eef43952afb956229d4f246f7"
"checksum cfg-if 0.1.9 (registry+https://github.com/rust-lang/crates.io-index)" = "b486ce3ccf7ffd79fdeb678eac06a9e6c09fc88d33836340becb8fffe87c5e33"
"checksum fuse 0.4.0-dev (git+https://github.com/zargony/rust-fuse)" = "<none>"
"checksum fuse-abi 0.4.0-dev (git+https://github.com/zargony/rust-fuse)" = "<none>"
"checksum fuse-sys 0.4.0-dev (git+https://github.com/zargony/rust-fuse)" = "<none>"
"checksum libc 0.2.62 (registry+https://github.com/rust-lang/crates.io-index)" = "34fcd2c08d2f832f376f4173a231990fa5aef4e99fb569867318a227ef4c06ba"
"checksum libusb 0.3.0 (registry+https://github.com/rust-lang/crates.io-index)" = "5f990ddd929cbe53de4ecd6cf26e1f4e0c5b9796e4c629d9046570b03738aa53"
"checksum libusb-sys 0.2.3 (registry+https://github.com/rust-lang/crates.io-index)" = "4c53b6582563d64ad3e692f54ef95239c3ea8069e82c9eb70ca948869a7ad767"
"checksum log 0.4.8 (registry+https://github.com/rust-lang/crates.io-index)" = "14b6052be84e6b71ab17edffc2eeabf5c2c3ae1fdb464aae35ac50c67a44e1f7"
"checksum pkg-config 0.3.15 (registry+https://github.com/rust-lang/crates.io-index)" = "a7c1d2cfa5a714db3b5f24f0915e74fcdf91d09d496ba61329705dda7774d2af"
"checksum thread-scoped 1.0.2 (registry+https://github.com/rust-lang/crates.io-index)" = "bcbb6aa301e5d3b0b5ef639c9a9c7e2f1c944f177b460c04dc24c69b1fa2bd99"
